// !$*UTF8*$!
{
	archiveVersion = 1;
	classes = {
	};
	objectVersion = 46;
	objects = {

/* Begin PBXAggregateTarget section */
		"CommandLine::CommandLine::ProductTarget" /* CommandLine */ = {
			isa = PBXAggregateTarget;
			buildConfigurationList = OBJ_81 /* Build configuration list for PBXAggregateTarget "CommandLine" */;
			buildPhases = (
			);
			dependencies = (
				OBJ_84 /* PBXTargetDependency */,
			);
			name = CommandLine;
			productName = CommandLine;
		};
		"XLIFFMergeTool::XLIFFMergeToolPackageTests::ProductTarget" /* XLIFFMergeToolPackageTests */ = {
			isa = PBXAggregateTarget;
			buildConfigurationList = OBJ_76 /* Build configuration list for PBXAggregateTarget "XLIFFMergeToolPackageTests" */;
			buildPhases = (
			);
			dependencies = (
				OBJ_79 /* PBXTargetDependency */,
			);
			name = XLIFFMergeToolPackageTests;
			productName = XLIFFMergeToolPackageTests;
		};
/* End PBXAggregateTarget section */

/* Begin PBXBuildFile section */
		D8025F0C1F755D27000CE867 /* fixtures in Resources */ = {isa = PBXBuildFile; fileRef = D8025EE71F755569000CE867 /* fixtures */; };
		OBJ_32 /* Package.swift in Sources */ = {isa = PBXBuildFile; fileRef = OBJ_6 /* Package.swift */; };
		OBJ_38 /* Package.swift in Sources */ = {isa = PBXBuildFile; fileRef = OBJ_21 /* Package.swift */; };
		OBJ_44 /* XLIFFMergeToolTests.swift in Sources */ = {isa = PBXBuildFile; fileRef = OBJ_14 /* XLIFFMergeToolTests.swift */; };
		OBJ_46 /* XLIFFMergeTool.framework in Frameworks */ = {isa = PBXBuildFile; fileRef = "XLIFFMergeTool::XLIFFMergeTool::Product" /* XLIFFMergeTool.framework */; };
		OBJ_54 /* main.swift in Sources */ = {isa = PBXBuildFile; fileRef = OBJ_11 /* main.swift */; };
		OBJ_56 /* CommandLineKit.framework in Frameworks */ = {isa = PBXBuildFile; fileRef = "CommandLine::CommandLineKit::Product" /* CommandLineKit.framework */; };
		OBJ_57 /* XLIFFMergeTool.framework in Frameworks */ = {isa = PBXBuildFile; fileRef = "XLIFFMergeTool::XLIFFMergeTool::Product" /* XLIFFMergeTool.framework */; };
		OBJ_65 /* CommandLine.swift in Sources */ = {isa = PBXBuildFile; fileRef = OBJ_18 /* CommandLine.swift */; };
		OBJ_66 /* Option.swift in Sources */ = {isa = PBXBuildFile; fileRef = OBJ_19 /* Option.swift */; };
		OBJ_67 /* StringExtensions.swift in Sources */ = {isa = PBXBuildFile; fileRef = OBJ_20 /* StringExtensions.swift */; };
		OBJ_73 /* XliffFile.swift in Sources */ = {isa = PBXBuildFile; fileRef = OBJ_9 /* XliffFile.swift */; };
/* End PBXBuildFile section */

/* Begin PBXContainerItemProxy section */
		D8025EE21F753703000CE867 /* PBXContainerItemProxy */ = {
			isa = PBXContainerItemProxy;
			containerPortal = OBJ_1 /* Project object */;
			proxyType = 1;
			remoteGlobalIDString = "CommandLine::CommandLineKit";
			remoteInfo = CommandLineKit;
		};
		D8025EE31F753703000CE867 /* PBXContainerItemProxy */ = {
			isa = PBXContainerItemProxy;
			containerPortal = OBJ_1 /* Project object */;
			proxyType = 1;
			remoteGlobalIDString = "XLIFFMergeTool::XLIFFMergeTool";
			remoteInfo = XLIFFMergeTool;
		};
		D8025EE41F753703000CE867 /* PBXContainerItemProxy */ = {
			isa = PBXContainerItemProxy;
			containerPortal = OBJ_1 /* Project object */;
			proxyType = 1;
			remoteGlobalIDString = "XLIFFMergeTool::XLIFFMergeTool";
			remoteInfo = XLIFFMergeTool;
		};
		D8025EE51F753704000CE867 /* PBXContainerItemProxy */ = {
			isa = PBXContainerItemProxy;
			containerPortal = OBJ_1 /* Project object */;
			proxyType = 1;
			remoteGlobalIDString = "XLIFFMergeTool::XLIFFMergeToolTests";
			remoteInfo = XLIFFMergeToolTests;
		};
		D8025EE61F753704000CE867 /* PBXContainerItemProxy */ = {
			isa = PBXContainerItemProxy;
			containerPortal = OBJ_1 /* Project object */;
			proxyType = 1;
			remoteGlobalIDString = "CommandLine::CommandLineKit";
			remoteInfo = CommandLineKit;
		};
/* End PBXContainerItemProxy section */

/* Begin PBXFileReference section */
		"CommandLine::CommandLineKit::Product" /* CommandLineKit.framework */ = {isa = PBXFileReference; explicitFileType = wrapper.framework; path = CommandLineKit.framework; sourceTree = BUILT_PRODUCTS_DIR; };
		D8025EE71F755569000CE867 /* fixtures */ = {isa = PBXFileReference; lastKnownFileType = folder; name = fixtures; path = Tests/fixtures; sourceTree = SOURCE_ROOT; };
		OBJ_11 /* main.swift */ = {isa = PBXFileReference; lastKnownFileType = sourcecode.swift; path = main.swift; sourceTree = "<group>"; };
		OBJ_14 /* XLIFFMergeToolTests.swift */ = {isa = PBXFileReference; lastKnownFileType = sourcecode.swift; path = XLIFFMergeToolTests.swift; sourceTree = "<group>"; };
		OBJ_18 /* CommandLine.swift */ = {isa = PBXFileReference; lastKnownFileType = sourcecode.swift; path = CommandLine.swift; sourceTree = "<group>"; };
		OBJ_19 /* Option.swift */ = {isa = PBXFileReference; lastKnownFileType = sourcecode.swift; path = Option.swift; sourceTree = "<group>"; };
		OBJ_20 /* StringExtensions.swift */ = {isa = PBXFileReference; lastKnownFileType = sourcecode.swift; path = StringExtensions.swift; sourceTree = "<group>"; };
		OBJ_21 /* Package.swift */ = {isa = PBXFileReference; explicitFileType = sourcecode.swift; name = Package.swift; path = "/Users/lazarrs/Developer/cron/XLIFFMergeTool/.build/checkouts/CommandLine.git--2975222262383774978/Package.swift"; sourceTree = "<group>"; };
		OBJ_6 /* Package.swift */ = {isa = PBXFileReference; explicitFileType = sourcecode.swift; path = Package.swift; sourceTree = "<group>"; };
		OBJ_9 /* XliffFile.swift */ = {isa = PBXFileReference; lastKnownFileType = sourcecode.swift; path = XliffFile.swift; sourceTree = "<group>"; };
		"XLIFFMergeTool::XLIFFMergeTool::Product" /* XLIFFMergeTool.framework */ = {isa = PBXFileReference; explicitFileType = wrapper.framework; path = XLIFFMergeTool.framework; sourceTree = BUILT_PRODUCTS_DIR; };
		"XLIFFMergeTool::XLIFFMergeToolCli::Product" /* XLIFFMergeToolCli */ = {isa = PBXFileReference; lastKnownFileType = text; path = XLIFFMergeToolCli; sourceTree = BUILT_PRODUCTS_DIR; };
		"XLIFFMergeTool::XLIFFMergeToolTests::Product" /* XLIFFMergeToolTests.xctest */ = {isa = PBXFileReference; lastKnownFileType = file; path = XLIFFMergeToolTests.xctest; sourceTree = BUILT_PRODUCTS_DIR; };
/* End PBXFileReference section */

/* Begin PBXFrameworksBuildPhase section */
		OBJ_45 /* Frameworks */ = {
			isa = PBXFrameworksBuildPhase;
			buildActionMask = 0;
			files = (
				OBJ_46 /* XLIFFMergeTool.framework in Frameworks */,
			);
			runOnlyForDeploymentPostprocessing = 0;
		};
		OBJ_55 /* Frameworks */ = {
			isa = PBXFrameworksBuildPhase;
			buildActionMask = 0;
			files = (
				OBJ_56 /* CommandLineKit.framework in Frameworks */,
				OBJ_57 /* XLIFFMergeTool.framework in Frameworks */,
			);
			runOnlyForDeploymentPostprocessing = 0;
		};
		OBJ_68 /* Frameworks */ = {
			isa = PBXFrameworksBuildPhase;
			buildActionMask = 0;
			files = (
			);
			runOnlyForDeploymentPostprocessing = 0;
		};
		OBJ_74 /* Frameworks */ = {
			isa = PBXFrameworksBuildPhase;
			buildActionMask = 0;
			files = (
			);
			runOnlyForDeploymentPostprocessing = 0;
		};
/* End PBXFrameworksBuildPhase section */

/* Begin PBXGroup section */
		OBJ_10 /* XLIFFMergeToolCli */ = {
			isa = PBXGroup;
			children = (
				OBJ_11 /* main.swift */,
			);
			name = XLIFFMergeToolCli;
			path = Sources/cli;
			sourceTree = SOURCE_ROOT;
		};
		OBJ_12 /* Tests */ = {
			isa = PBXGroup;
			children = (
				OBJ_13 /* XLIFFMergeToolTests */,
			);
			name = Tests;
			sourceTree = SOURCE_ROOT;
		};
		OBJ_13 /* XLIFFMergeToolTests */ = {
			isa = PBXGroup;
			children = (
				D8025EE71F755569000CE867 /* fixtures */,
				OBJ_14 /* XLIFFMergeToolTests.swift */,
			);
			name = XLIFFMergeToolTests;
			path = Tests/XLIFFMergeToolTests;
			sourceTree = SOURCE_ROOT;
		};
		OBJ_15 /* Dependencies */ = {
			isa = PBXGroup;
			children = (
				OBJ_16 /* CommandLine */,
			);
			name = Dependencies;
			sourceTree = "<group>";
		};
		OBJ_16 /* CommandLine */ = {
			isa = PBXGroup;
			children = (
				OBJ_17 /* CommandLineKit */,
				OBJ_21 /* Package.swift */,
			);
			name = CommandLine;
			sourceTree = SOURCE_ROOT;
		};
		OBJ_17 /* CommandLineKit */ = {
			isa = PBXGroup;
			children = (
				OBJ_18 /* CommandLine.swift */,
				OBJ_19 /* Option.swift */,
				OBJ_20 /* StringExtensions.swift */,
			);
			name = CommandLineKit;
			path = ".build/checkouts/CommandLine.git--2975222262383774978/CommandLineKit";
			sourceTree = SOURCE_ROOT;
		};
		OBJ_22 /* Products */ = {
			isa = PBXGroup;
			children = (
				"XLIFFMergeTool::XLIFFMergeToolTests::Product" /* XLIFFMergeToolTests.xctest */,
				"XLIFFMergeTool::XLIFFMergeToolCli::Product" /* XLIFFMergeToolCli */,
				"CommandLine::CommandLineKit::Product" /* CommandLineKit.framework */,
				"XLIFFMergeTool::XLIFFMergeTool::Product" /* XLIFFMergeTool.framework */,
			);
			name = Products;
			sourceTree = BUILT_PRODUCTS_DIR;
		};
		OBJ_5 = {
			isa = PBXGroup;
			children = (
				OBJ_6 /* Package.swift */,
				OBJ_7 /* Sources */,
				OBJ_12 /* Tests */,
				OBJ_15 /* Dependencies */,
				OBJ_22 /* Products */,
			);
			sourceTree = "<group>";
		};
		OBJ_7 /* Sources */ = {
			isa = PBXGroup;
			children = (
				OBJ_8 /* XLIFFMergeTool */,
				OBJ_10 /* XLIFFMergeToolCli */,
			);
			name = Sources;
			sourceTree = SOURCE_ROOT;
		};
		OBJ_8 /* XLIFFMergeTool */ = {
			isa = PBXGroup;
			children = (
				OBJ_9 /* XliffFile.swift */,
			);
			name = XLIFFMergeTool;
			path = Sources/XLIFFMergeTool;
			sourceTree = SOURCE_ROOT;
		};
/* End PBXGroup section */

/* Begin PBXNativeTarget section */
		"CommandLine::CommandLineKit" /* CommandLineKit */ = {
			isa = PBXNativeTarget;
			buildConfigurationList = OBJ_61 /* Build configuration list for PBXNativeTarget "CommandLineKit" */;
			buildPhases = (
				OBJ_64 /* Sources */,
				OBJ_68 /* Frameworks */,
			);
			buildRules = (
			);
			dependencies = (
			);
			name = CommandLineKit;
			productName = CommandLineKit;
			productReference = "CommandLine::CommandLineKit::Product" /* CommandLineKit.framework */;
			productType = "com.apple.product-type.framework";
		};
		"CommandLine::SwiftPMPackageDescription" /* CommandLinePackageDescription */ = {
			isa = PBXNativeTarget;
			buildConfigurationList = OBJ_34 /* Build configuration list for PBXNativeTarget "CommandLinePackageDescription" */;
			buildPhases = (
				OBJ_37 /* Sources */,
			);
			buildRules = (
			);
			dependencies = (
			);
			name = CommandLinePackageDescription;
			productName = CommandLinePackageDescription;
			productType = "com.apple.product-type.framework";
		};
		"XLIFFMergeTool::SwiftPMPackageDescription" /* XLIFFMergeToolPackageDescription */ = {
			isa = PBXNativeTarget;
			buildConfigurationList = OBJ_28 /* Build configuration list for PBXNativeTarget "XLIFFMergeToolPackageDescription" */;
			buildPhases = (
				OBJ_31 /* Sources */,
			);
			buildRules = (
			);
			dependencies = (
			);
			name = XLIFFMergeToolPackageDescription;
			productName = XLIFFMergeToolPackageDescription;
			productType = "com.apple.product-type.framework";
		};
		"XLIFFMergeTool::XLIFFMergeTool" /* XLIFFMergeTool */ = {
			isa = PBXNativeTarget;
			buildConfigurationList = OBJ_69 /* Build configuration list for PBXNativeTarget "XLIFFMergeTool" */;
			buildPhases = (
				OBJ_72 /* Sources */,
				OBJ_74 /* Frameworks */,
			);
			buildRules = (
			);
			dependencies = (
			);
			name = XLIFFMergeTool;
			productName = XLIFFMergeTool;
			productReference = "XLIFFMergeTool::XLIFFMergeTool::Product" /* XLIFFMergeTool.framework */;
			productType = "com.apple.product-type.framework";
		};
		"XLIFFMergeTool::XLIFFMergeToolCli" /* XLIFFMergeToolCli */ = {
			isa = PBXNativeTarget;
			buildConfigurationList = OBJ_50 /* Build configuration list for PBXNativeTarget "XLIFFMergeToolCli" */;
			buildPhases = (
				OBJ_53 /* Sources */,
				OBJ_55 /* Frameworks */,
			);
			buildRules = (
			);
			dependencies = (
				OBJ_58 /* PBXTargetDependency */,
				OBJ_60 /* PBXTargetDependency */,
			);
			name = XLIFFMergeToolCli;
			productName = XLIFFMergeToolCli;
			productReference = "XLIFFMergeTool::XLIFFMergeToolCli::Product" /* XLIFFMergeToolCli */;
			productType = "com.apple.product-type.tool";
		};
		"XLIFFMergeTool::XLIFFMergeToolTests" /* XLIFFMergeToolTests */ = {
			isa = PBXNativeTarget;
			buildConfigurationList = OBJ_40 /* Build configuration list for PBXNativeTarget "XLIFFMergeToolTests" */;
			buildPhases = (
				OBJ_43 /* Sources */,
				OBJ_45 /* Frameworks */,
				D8025F0B1F755D1F000CE867 /* Resources */,
			);
			buildRules = (
			);
			dependencies = (
				OBJ_47 /* PBXTargetDependency */,
			);
			name = XLIFFMergeToolTests;
			productName = XLIFFMergeToolTests;
			productReference = "XLIFFMergeTool::XLIFFMergeToolTests::Product" /* XLIFFMergeToolTests.xctest */;
			productType = "com.apple.product-type.bundle.unit-test";
		};
/* End PBXNativeTarget section */

/* Begin PBXProject section */
		OBJ_1 /* Project object */ = {
			isa = PBXProject;
			attributes = {
				LastUpgradeCheck = 9999;
			};
			buildConfigurationList = OBJ_2 /* Build configuration list for PBXProject "XLIFFMergeTool" */;
			compatibilityVersion = "Xcode 3.2";
			developmentRegion = English;
			hasScannedForEncodings = 0;
			knownRegions = (
				en,
			);
			mainGroup = OBJ_5;
			productRefGroup = OBJ_22 /* Products */;
			projectDirPath = "";
			projectRoot = "";
			targets = (
				"XLIFFMergeTool::SwiftPMPackageDescription" /* XLIFFMergeToolPackageDescription */,
				"CommandLine::SwiftPMPackageDescription" /* CommandLinePackageDescription */,
				"XLIFFMergeTool::XLIFFMergeToolTests" /* XLIFFMergeToolTests */,
				"XLIFFMergeTool::XLIFFMergeToolCli" /* XLIFFMergeToolCli */,
				"CommandLine::CommandLineKit" /* CommandLineKit */,
				"XLIFFMergeTool::XLIFFMergeTool" /* XLIFFMergeTool */,
				"XLIFFMergeTool::XLIFFMergeToolPackageTests::ProductTarget" /* XLIFFMergeToolPackageTests */,
				"CommandLine::CommandLine::ProductTarget" /* CommandLine */,
			);
		};
/* End PBXProject section */

/* Begin PBXResourcesBuildPhase section */
		D8025F0B1F755D1F000CE867 /* Resources */ = {
			isa = PBXResourcesBuildPhase;
			buildActionMask = 2147483647;
			files = (
				D8025F0C1F755D27000CE867 /* fixtures in Resources */,
			);
			runOnlyForDeploymentPostprocessing = 0;
		};
/* End PBXResourcesBuildPhase section */

/* Begin PBXSourcesBuildPhase section */
		OBJ_31 /* Sources */ = {
			isa = PBXSourcesBuildPhase;
			buildActionMask = 0;
			files = (
				OBJ_32 /* Package.swift in Sources */,
			);
			runOnlyForDeploymentPostprocessing = 0;
		};
		OBJ_37 /* Sources */ = {
			isa = PBXSourcesBuildPhase;
			buildActionMask = 0;
			files = (
				OBJ_38 /* Package.swift in Sources */,
			);
			runOnlyForDeploymentPostprocessing = 0;
		};
		OBJ_43 /* Sources */ = {
			isa = PBXSourcesBuildPhase;
			buildActionMask = 0;
			files = (
				OBJ_44 /* XLIFFMergeToolTests.swift in Sources */,
			);
			runOnlyForDeploymentPostprocessing = 0;
		};
		OBJ_53 /* Sources */ = {
			isa = PBXSourcesBuildPhase;
			buildActionMask = 0;
			files = (
				OBJ_54 /* main.swift in Sources */,
			);
			runOnlyForDeploymentPostprocessing = 0;
		};
		OBJ_64 /* Sources */ = {
			isa = PBXSourcesBuildPhase;
			buildActionMask = 0;
			files = (
				OBJ_65 /* CommandLine.swift in Sources */,
				OBJ_66 /* Option.swift in Sources */,
				OBJ_67 /* StringExtensions.swift in Sources */,
			);
			runOnlyForDeploymentPostprocessing = 0;
		};
		OBJ_72 /* Sources */ = {
			isa = PBXSourcesBuildPhase;
			buildActionMask = 0;
			files = (
				OBJ_73 /* XliffFile.swift in Sources */,
			);
			runOnlyForDeploymentPostprocessing = 0;
		};
/* End PBXSourcesBuildPhase section */

/* Begin PBXTargetDependency section */
		OBJ_47 /* PBXTargetDependency */ = {
			isa = PBXTargetDependency;
			target = "XLIFFMergeTool::XLIFFMergeTool" /* XLIFFMergeTool */;
			targetProxy = D8025EE41F753703000CE867 /* PBXContainerItemProxy */;
		};
		OBJ_58 /* PBXTargetDependency */ = {
			isa = PBXTargetDependency;
			target = "CommandLine::CommandLineKit" /* CommandLineKit */;
			targetProxy = D8025EE21F753703000CE867 /* PBXContainerItemProxy */;
		};
		OBJ_60 /* PBXTargetDependency */ = {
			isa = PBXTargetDependency;
			target = "XLIFFMergeTool::XLIFFMergeTool" /* XLIFFMergeTool */;
			targetProxy = D8025EE31F753703000CE867 /* PBXContainerItemProxy */;
		};
		OBJ_79 /* PBXTargetDependency */ = {
			isa = PBXTargetDependency;
			target = "XLIFFMergeTool::XLIFFMergeToolTests" /* XLIFFMergeToolTests */;
			targetProxy = D8025EE51F753704000CE867 /* PBXContainerItemProxy */;
		};
		OBJ_84 /* PBXTargetDependency */ = {
			isa = PBXTargetDependency;
			target = "CommandLine::CommandLineKit" /* CommandLineKit */;
			targetProxy = D8025EE61F753704000CE867 /* PBXContainerItemProxy */;
		};
/* End PBXTargetDependency section */

/* Begin XCBuildConfiguration section */
		OBJ_29 /* Debug */ = {
			isa = XCBuildConfiguration;
			buildSettings = {
				LD = /usr/bin/true;
				OTHER_SWIFT_FLAGS = "-swift-version 4 -I /Applications/Xcode.app/Contents/Developer/Toolchains/XcodeDefault.xctoolchain/usr/lib/swift/pm/4 -target x86_64-apple-macosx10.10 -sdk /Applications/Xcode.app/Contents/Developer/Platforms/MacOSX.platform/Developer/SDKs/MacOSX10.13.sdk";
				SWIFT_VERSION = 4.0;
			};
			name = Debug;
		};
		OBJ_3 /* Debug */ = {
			isa = XCBuildConfiguration;
			buildSettings = {
				CLANG_ENABLE_OBJC_ARC = YES;
				COMBINE_HIDPI_IMAGES = YES;
				COPY_PHASE_STRIP = NO;
				DEBUG_INFORMATION_FORMAT = dwarf;
				DYLIB_INSTALL_NAME_BASE = "@rpath";
				ENABLE_NS_ASSERTIONS = YES;
				GCC_OPTIMIZATION_LEVEL = 0;
				MACOSX_DEPLOYMENT_TARGET = 10.10;
				ONLY_ACTIVE_ARCH = YES;
				OTHER_SWIFT_FLAGS = "-DXcode";
				PRODUCT_NAME = "$(TARGET_NAME)";
				SDKROOT = macosx;
				SUPPORTED_PLATFORMS = "macosx iphoneos iphonesimulator appletvos appletvsimulator watchos watchsimulator";
				SWIFT_ACTIVE_COMPILATION_CONDITIONS = SWIFT_PACKAGE;
				SWIFT_OPTIMIZATION_LEVEL = "-Onone";
				USE_HEADERMAP = NO;
			};
			name = Debug;
		};
		OBJ_30 /* Release */ = {
			isa = XCBuildConfiguration;
			buildSettings = {
				LD = /usr/bin/true;
				OTHER_SWIFT_FLAGS = "-swift-version 4 -I /Applications/Xcode.app/Contents/Developer/Toolchains/XcodeDefault.xctoolchain/usr/lib/swift/pm/4 -target x86_64-apple-macosx10.10 -sdk /Applications/Xcode.app/Contents/Developer/Platforms/MacOSX.platform/Developer/SDKs/MacOSX10.13.sdk";
				SWIFT_VERSION = 4.0;
			};
			name = Release;
		};
		OBJ_35 /* Debug */ = {
			isa = XCBuildConfiguration;
			buildSettings = {
				LD = /usr/bin/true;
				OTHER_SWIFT_FLAGS = "-swift-version 3 -I /Applications/Xcode.app/Contents/Developer/Toolchains/XcodeDefault.xctoolchain/usr/lib/swift/pm/3 -target x86_64-apple-macosx10.10 -sdk /Applications/Xcode.app/Contents/Developer/Platforms/MacOSX.platform/Developer/SDKs/MacOSX10.13.sdk";
				SWIFT_VERSION = 3.0;
			};
			name = Debug;
		};
		OBJ_36 /* Release */ = {
			isa = XCBuildConfiguration;
			buildSettings = {
				LD = /usr/bin/true;
				OTHER_SWIFT_FLAGS = "-swift-version 3 -I /Applications/Xcode.app/Contents/Developer/Toolchains/XcodeDefault.xctoolchain/usr/lib/swift/pm/3 -target x86_64-apple-macosx10.10 -sdk /Applications/Xcode.app/Contents/Developer/Platforms/MacOSX.platform/Developer/SDKs/MacOSX10.13.sdk";
				SWIFT_VERSION = 3.0;
			};
			name = Release;
		};
		OBJ_4 /* Release */ = {
			isa = XCBuildConfiguration;
			buildSettings = {
				CLANG_ENABLE_OBJC_ARC = YES;
				COMBINE_HIDPI_IMAGES = YES;
				COPY_PHASE_STRIP = YES;
				DEBUG_INFORMATION_FORMAT = "dwarf-with-dsym";
				DYLIB_INSTALL_NAME_BASE = "@rpath";
				GCC_OPTIMIZATION_LEVEL = s;
				MACOSX_DEPLOYMENT_TARGET = 10.10;
				OTHER_SWIFT_FLAGS = "-DXcode";
				PRODUCT_NAME = "$(TARGET_NAME)";
				SDKROOT = macosx;
				SUPPORTED_PLATFORMS = "macosx iphoneos iphonesimulator appletvos appletvsimulator watchos watchsimulator";
				SWIFT_ACTIVE_COMPILATION_CONDITIONS = SWIFT_PACKAGE;
				SWIFT_OPTIMIZATION_LEVEL = "-Owholemodule";
				USE_HEADERMAP = NO;
			};
			name = Release;
		};
		OBJ_41 /* Debug */ = {
			isa = XCBuildConfiguration;
			buildSettings = {
				EMBEDDED_CONTENT_CONTAINS_SWIFT = YES;
				FRAMEWORK_SEARCH_PATHS = (
					"$(inherited)",
					"$(PLATFORM_DIR)/Developer/Library/Frameworks",
				);
				HEADER_SEARCH_PATHS = "$(inherited)";
				INFOPLIST_FILE = XLIFFMergeTool.xcodeproj/XLIFFMergeToolTests_Info.plist;
				LD_RUNPATH_SEARCH_PATHS = "@loader_path/../Frameworks @loader_path/Frameworks";
				OTHER_LDFLAGS = "$(inherited)";
				OTHER_SWIFT_FLAGS = "$(inherited)";
				SWIFT_VERSION = 4.0;
				TARGET_NAME = XLIFFMergeToolTests;
			};
			name = Debug;
		};
		OBJ_42 /* Release */ = {
			isa = XCBuildConfiguration;
			buildSettings = {
				EMBEDDED_CONTENT_CONTAINS_SWIFT = YES;
				FRAMEWORK_SEARCH_PATHS = (
					"$(inherited)",
					"$(PLATFORM_DIR)/Developer/Library/Frameworks",
				);
				HEADER_SEARCH_PATHS = "$(inherited)";
				INFOPLIST_FILE = XLIFFMergeTool.xcodeproj/XLIFFMergeToolTests_Info.plist;
				LD_RUNPATH_SEARCH_PATHS = "@loader_path/../Frameworks @loader_path/Frameworks";
				OTHER_LDFLAGS = "$(inherited)";
				OTHER_SWIFT_FLAGS = "$(inherited)";
				SWIFT_VERSION = 4.0;
				TARGET_NAME = XLIFFMergeToolTests;
			};
			name = Release;
		};
		OBJ_51 /* Debug */ = {
			isa = XCBuildConfiguration;
			buildSettings = {
				FRAMEWORK_SEARCH_PATHS = (
					"$(inherited)",
					"$(PLATFORM_DIR)/Developer/Library/Frameworks",
				);
				HEADER_SEARCH_PATHS = "$(inherited)";
				INFOPLIST_FILE = XLIFFMergeTool.xcodeproj/XLIFFMergeToolCli_Info.plist;
				LD_RUNPATH_SEARCH_PATHS = "$(TOOLCHAIN_DIR)/usr/lib/swift/macosx @executable_path";
				OTHER_LDFLAGS = "$(inherited)";
				OTHER_SWIFT_FLAGS = "$(inherited)";
				SWIFT_FORCE_DYNAMIC_LINK_STDLIB = YES;
				SWIFT_FORCE_STATIC_LINK_STDLIB = NO;
				SWIFT_VERSION = 4.0;
				TARGET_NAME = XLIFFMergeToolCli;
			};
			name = Debug;
		};
		OBJ_52 /* Release */ = {
			isa = XCBuildConfiguration;
			buildSettings = {
				FRAMEWORK_SEARCH_PATHS = (
					"$(inherited)",
					"$(PLATFORM_DIR)/Developer/Library/Frameworks",
				);
				HEADER_SEARCH_PATHS = "$(inherited)";
				INFOPLIST_FILE = XLIFFMergeTool.xcodeproj/XLIFFMergeToolCli_Info.plist;
				LD_RUNPATH_SEARCH_PATHS = "$(TOOLCHAIN_DIR)/usr/lib/swift/macosx @executable_path";
				OTHER_LDFLAGS = "$(inherited)";
				OTHER_SWIFT_FLAGS = "$(inherited)";
				SWIFT_FORCE_DYNAMIC_LINK_STDLIB = YES;
				SWIFT_FORCE_STATIC_LINK_STDLIB = NO;
				SWIFT_VERSION = 4.0;
				TARGET_NAME = XLIFFMergeToolCli;
			};
			name = Release;
		};
		OBJ_62 /* Debug */ = {
			isa = XCBuildConfiguration;
			buildSettings = {
				ENABLE_TESTABILITY = YES;
				FRAMEWORK_SEARCH_PATHS = (
					"$(inherited)",
					"$(PLATFORM_DIR)/Developer/Library/Frameworks",
				);
				HEADER_SEARCH_PATHS = "$(inherited)";
				INFOPLIST_FILE = XLIFFMergeTool.xcodeproj/CommandLineKit_Info.plist;
				LD_RUNPATH_SEARCH_PATHS = "$(TOOLCHAIN_DIR)/usr/lib/swift/macosx";
				OTHER_LDFLAGS = "$(inherited)";
				OTHER_SWIFT_FLAGS = "$(inherited)";
				PRODUCT_BUNDLE_IDENTIFIER = CommandLineKit;
				PRODUCT_MODULE_NAME = "$(TARGET_NAME:c99extidentifier)";
				PRODUCT_NAME = "$(TARGET_NAME:c99extidentifier)";
				SKIP_INSTALL = YES;
				SWIFT_VERSION = 3.0;
				TARGET_NAME = CommandLineKit;
			};
			name = Debug;
		};
		OBJ_63 /* Release */ = {
			isa = XCBuildConfiguration;
			buildSettings = {
				ENABLE_TESTABILITY = YES;
				FRAMEWORK_SEARCH_PATHS = (
					"$(inherited)",
					"$(PLATFORM_DIR)/Developer/Library/Frameworks",
				);
				HEADER_SEARCH_PATHS = "$(inherited)";
				INFOPLIST_FILE = XLIFFMergeTool.xcodeproj/CommandLineKit_Info.plist;
				LD_RUNPATH_SEARCH_PATHS = "$(TOOLCHAIN_DIR)/usr/lib/swift/macosx";
				OTHER_LDFLAGS = "$(inherited)";
				OTHER_SWIFT_FLAGS = "$(inherited)";
				PRODUCT_BUNDLE_IDENTIFIER = CommandLineKit;
				PRODUCT_MODULE_NAME = "$(TARGET_NAME:c99extidentifier)";
				PRODUCT_NAME = "$(TARGET_NAME:c99extidentifier)";
				SKIP_INSTALL = YES;
				SWIFT_VERSION = 3.0;
				TARGET_NAME = CommandLineKit;
			};
			name = Release;
		};
		OBJ_70 /* Debug */ = {
			isa = XCBuildConfiguration;
			buildSettings = {
				ENABLE_TESTABILITY = YES;
				FRAMEWORK_SEARCH_PATHS = (
					"$(inherited)",
					"$(PLATFORM_DIR)/Developer/Library/Frameworks",
				);
				HEADER_SEARCH_PATHS = "$(inherited)";
				INFOPLIST_FILE = XLIFFMergeTool.xcodeproj/XLIFFMergeTool_Info.plist;
				LD_RUNPATH_SEARCH_PATHS = "$(TOOLCHAIN_DIR)/usr/lib/swift/macosx";
				OTHER_LDFLAGS = "$(inherited)";
				OTHER_SWIFT_FLAGS = "$(inherited)";
				PRODUCT_BUNDLE_IDENTIFIER = XLIFFMergeTool;
				PRODUCT_MODULE_NAME = "$(TARGET_NAME:c99extidentifier)";
				PRODUCT_NAME = "$(TARGET_NAME:c99extidentifier)";
				SKIP_INSTALL = YES;
				SWIFT_VERSION = 4.0;
				TARGET_NAME = XLIFFMergeTool;
			};
			name = Debug;
		};
		OBJ_71 /* Release */ = {
			isa = XCBuildConfiguration;
			buildSettings = {
				ENABLE_TESTABILITY = YES;
				FRAMEWORK_SEARCH_PATHS = (
					"$(inherited)",
					"$(PLATFORM_DIR)/Developer/Library/Frameworks",
				);
				HEADER_SEARCH_PATHS = "$(inherited)";
				INFOPLIST_FILE = XLIFFMergeTool.xcodeproj/XLIFFMergeTool_Info.plist;
				LD_RUNPATH_SEARCH_PATHS = "$(TOOLCHAIN_DIR)/usr/lib/swift/macosx";
				OTHER_LDFLAGS = "$(inherited)";
				OTHER_SWIFT_FLAGS = "$(inherited)";
				PRODUCT_BUNDLE_IDENTIFIER = XLIFFMergeTool;
				PRODUCT_MODULE_NAME = "$(TARGET_NAME:c99extidentifier)";
				PRODUCT_NAME = "$(TARGET_NAME:c99extidentifier)";
				SKIP_INSTALL = YES;
				SWIFT_VERSION = 4.0;
				TARGET_NAME = XLIFFMergeTool;
			};
			name = Release;
		};
		OBJ_77 /* Debug */ = {
			isa = XCBuildConfiguration;
			buildSettings = {
			};
			name = Debug;
		};
		OBJ_78 /* Release */ = {
			isa = XCBuildConfiguration;
			buildSettings = {
			};
			name = Release;
		};
		OBJ_82 /* Debug */ = {
			isa = XCBuildConfiguration;
			buildSettings = {
			};
			name = Debug;
		};
		OBJ_83 /* Release */ = {
			isa = XCBuildConfiguration;
			buildSettings = {
			};
			name = Release;
		};
/* End XCBuildConfiguration section */

/* Begin XCConfigurationList section */
		OBJ_2 /* Build configuration list for PBXProject "XLIFFMergeTool" */ = {
			isa = XCConfigurationList;
			buildConfigurations = (
				OBJ_3 /* Debug */,
				OBJ_4 /* Release */,
			);
			defaultConfigurationIsVisible = 0;
			defaultConfigurationName = Debug;
		};
		OBJ_28 /* Build configuration list for PBXNativeTarget "XLIFFMergeToolPackageDescription" */ = {
			isa = XCConfigurationList;
			buildConfigurations = (
				OBJ_29 /* Debug */,
				OBJ_30 /* Release */,
			);
			defaultConfigurationIsVisible = 0;
			defaultConfigurationName = Debug;
		};
		OBJ_34 /* Build configuration list for PBXNativeTarget "CommandLinePackageDescription" */ = {
			isa = XCConfigurationList;
			buildConfigurations = (
				OBJ_35 /* Debug */,
				OBJ_36 /* Release */,
			);
			defaultConfigurationIsVisible = 0;
			defaultConfigurationName = Debug;
		};
		OBJ_40 /* Build configuration list for PBXNativeTarget "XLIFFMergeToolTests" */ = {
			isa = XCConfigurationList;
			buildConfigurations = (
				OBJ_41 /* Debug */,
				OBJ_42 /* Release */,
			);
			defaultConfigurationIsVisible = 0;
			defaultConfigurationName = Debug;
		};
		OBJ_50 /* Build configuration list for PBXNativeTarget "XLIFFMergeToolCli" */ = {
			isa = XCConfigurationList;
			buildConfigurations = (
				OBJ_51 /* Debug */,
				OBJ_52 /* Release */,
			);
			defaultConfigurationIsVisible = 0;
			defaultConfigurationName = Debug;
		};
		OBJ_61 /* Build configuration list for PBXNativeTarget "CommandLineKit" */ = {
			isa = XCConfigurationList;
			buildConfigurations = (
				OBJ_62 /* Debug */,
				OBJ_63 /* Release */,
			);
			defaultConfigurationIsVisible = 0;
			defaultConfigurationName = Debug;
		};
		OBJ_69 /* Build configuration list for PBXNativeTarget "XLIFFMergeTool" */ = {
			isa = XCConfigurationList;
			buildConfigurations = (
				OBJ_70 /* Debug */,
				OBJ_71 /* Release */,
			);
			defaultConfigurationIsVisible = 0;
			defaultConfigurationName = Debug;
		};
		OBJ_76 /* Build configuration list for PBXAggregateTarget "XLIFFMergeToolPackageTests" */ = {
			isa = XCConfigurationList;
			buildConfigurations = (
				OBJ_77 /* Debug */,
				OBJ_78 /* Release */,
			);
			defaultConfigurationIsVisible = 0;
			defaultConfigurationName = Debug;
		};
		OBJ_81 /* Build configuration list for PBXAggregateTarget "CommandLine" */ = {
			isa = XCConfigurationList;
			buildConfigurations = (
				OBJ_82 /* Debug */,
				OBJ_83 /* Release */,
			);
			defaultConfigurationIsVisible = 0;
			defaultConfigurationName = Debug;
		};
/* End XCConfigurationList section */
	};
	rootObject = OBJ_1 /* Project object */;
}
